
Microsoft Visual Studio Solution File, Format Version 12.00
# Visual Studio 2013
VisualStudioVersion = 12.0.31101.0
MinimumVisualStudioVersion = 10.0.40219.1
Project("{E24C65DC-7377-472B-9ABA-BC803B73C61A}") = "WoodallCattle", "http://localhost:63175", "{DE3A9FD1-2816-43CE-AA21-A58DB6FCCB8E}"
	ProjectSection(WebsiteProperties) = preProject
		UseIISExpress = "true"
		TargetFrameworkMoniker = ".NETFramework,Version%3Dv4.0"
		Debug.AspNetCompiler.VirtualPath = "/localhost_63175"
		Debug.AspNetCompiler.PhysicalPath = "Z:\woodallfarms\WoodallCattle\"
		Debug.AspNetCompiler.TargetPath = "PrecompiledWeb\localhost_63175\"
		Debug.AspNetCompiler.Updateable = "true"
		Debug.AspNetCompiler.ForceOverwrite = "true"
		Debug.AspNetCompiler.FixedNames = "false"
		Debug.AspNetCompiler.Debug = "True"
		Release.AspNetCompiler.VirtualPath = "/localhost_63175"
		Release.AspNetCompiler.PhysicalPath = "Z:\woodallfarms\WoodallCattle\"
		Release.AspNetCompiler.TargetPath = "PrecompiledWeb\localhost_63175\"
		Release.AspNetCompiler.Updateable = "true"
		Release.AspNetCompiler.ForceOverwrite = "true"
		Release.AspNetCompiler.FixedNames = "false"
		Release.AspNetCompiler.Debug = "False"
		SlnRelativePath = "Z:\woodallfarms\WoodallCattle\"
	EndProjectSection
EndProject
Global
	GlobalSection(SolutionConfigurationPlatforms) = preSolution
		Debug|Any CPU = Debug|Any CPU
	EndGlobalSection
	GlobalSection(ProjectConfigurationPlatforms) = postSolution
		{DE3A9FD1-2816-43CE-AA21-A58DB6FCCB8E}.Debug|Any CPU.ActiveCfg = Debug|Any CPU
		{DE3A9FD1-2816-43CE-AA21-A58DB6FCCB8E}.Debug|Any CPU.Build.0 = Debug|Any CPU
	EndGlobalSection
	GlobalSection(SolutionProperties) = preSolution
		HideSolutionNode = FALSE
	EndGlobalSection
EndGlobal
